
Microsoft Visual Studio Solution File, Format Version 12.00
# Visual Studio Version 16
VisualStudioVersion = 16.0.31205.134
MinimumVisualStudioVersion = 10.0.40219.1
Project("{FAE04EC0-301F-11D3-BF4B-00C04F79EFBC}") = "WEB_API_I", "WEB_API_I\WEB_API_I.csproj", "{1C2D24CE-A3D7-492C-A150-1AB3AFB2154A}"
EndProject
Global
	GlobalSection(SolutionConfigurationPlatforms) = preSolution
		Debug|Any CPU = Debug|Any CPU
		Release|Any CPU = Release|Any CPU
	EndGlobalSection
	GlobalSection(ProjectConfigurationPlatforms) = postSolution
		{1C2D24CE-A3D7-492C-A150-1AB3AFB2154A}.Debug|Any CPU.ActiveCfg = Debug|Any CPU
		{1C2D24CE-A3D7-492C-A150-1AB3AFB2154A}.Debug|Any CPU.Build.0 = Debug|Any CPU
		{1C2D24CE-A3D7-492C-A150-1AB3AFB2154A}.Release|Any CPU.ActiveCfg = Release|Any CPU
		{1C2D24CE-A3D7-492C-A150-1AB3AFB2154A}.Release|Any CPU.Build.0 = Release|Any CPU
	EndGlobalSection
	GlobalSection(SolutionProperties) = preSolution
		HideSolutionNode = FALSE
	EndGlobalSection
	GlobalSection(ExtensibilityGlobals) = postSolution
		SolutionGuid = {3F64498B-9847-4074-B436-8CD96662791A}
	EndGlobalSection
EndGlobal
